
Microsoft Visual Studio Solution File, Format Version 12.00
# Visual Studio Version 16
VisualStudioVersion = 16.0.29509.3
MinimumVisualStudioVersion = 10.0.40219.1
Project("{FAE04EC0-301F-11D3-BF4B-00C04F79EFBC}") = "008_LZ77", "008_LZ77\008_LZ77.csproj", "{CFFCF542-19AA-4E66-BA67-A6B46DFB9BBF}"
EndProject
Global
	GlobalSection(SolutionConfigurationPlatforms) = preSolution
		Debug|Any CPU = Debug|Any CPU
		Release|Any CPU = Release|Any CPU
	EndGlobalSection
	GlobalSection(ProjectConfigurationPlatforms) = postSolution
		{CFFCF542-19AA-4E66-BA67-A6B46DFB9BBF}.Debug|Any CPU.ActiveCfg = Debug|Any CPU
		{CFFCF542-19AA-4E66-BA67-A6B46DFB9BBF}.Debug|Any CPU.Build.0 = Debug|Any CPU
		{CFFCF542-19AA-4E66-BA67-A6B46DFB9BBF}.Release|Any CPU.ActiveCfg = Release|Any CPU
		{CFFCF542-19AA-4E66-BA67-A6B46DFB9BBF}.Release|Any CPU.Build.0 = Release|Any CPU
	EndGlobalSection
	GlobalSection(SolutionProperties) = preSolution
		HideSolutionNode = FALSE
	EndGlobalSection
	GlobalSection(ExtensibilityGlobals) = postSolution
		SolutionGuid = {44148A6D-13A6-4E9B-BD57-6917DE8AD35F}
	EndGlobalSection
EndGlobal
