
Microsoft Visual Studio Solution File, Format Version 12.00
# Visual Studio 15
VisualStudioVersion = 15.0.28307.902
MinimumVisualStudioVersion = 10.0.40219.1
Project("{FAE04EC0-301F-11D3-BF4B-00C04F79EFBC}") = "004_RLEMethod", "004_RLEMethod\004_RLEMethod.csproj", "{A3CB1D85-FB59-4B38-A38C-C2A3313BB214}"
EndProject
Global
	GlobalSection(SolutionConfigurationPlatforms) = preSolution
		Debug|Any CPU = Debug|Any CPU
		Release|Any CPU = Release|Any CPU
	EndGlobalSection
	GlobalSection(ProjectConfigurationPlatforms) = postSolution
		{A3CB1D85-FB59-4B38-A38C-C2A3313BB214}.Debug|Any CPU.ActiveCfg = Debug|Any CPU
		{A3CB1D85-FB59-4B38-A38C-C2A3313BB214}.Debug|Any CPU.Build.0 = Debug|Any CPU
		{A3CB1D85-FB59-4B38-A38C-C2A3313BB214}.Release|Any CPU.ActiveCfg = Release|Any CPU
		{A3CB1D85-FB59-4B38-A38C-C2A3313BB214}.Release|Any CPU.Build.0 = Release|Any CPU
	EndGlobalSection
	GlobalSection(SolutionProperties) = preSolution
		HideSolutionNode = FALSE
	EndGlobalSection
	GlobalSection(ExtensibilityGlobals) = postSolution
		SolutionGuid = {81013A6B-1417-414F-BA72-BD8C7AD58E84}
	EndGlobalSection
EndGlobal
